
Microsoft Visual Studio Solution File, Format Version 12.00
# Visual Studio Version 16
VisualStudioVersion = 16.0.31911.196
MinimumVisualStudioVersion = 10.0.40219.1
Project("{FAE04EC0-301F-11D3-BF4B-00C04F79EFBC}") = "WSUniversalLib", "WSUniversalLib\WSUniversalLib.csproj", "{BAF923BF-14A0-49B5-9FBC-07260FE9C5F4}"
EndProject
Project("{9A19103F-16F7-4668-BE54-9A1E7A4F7556}") = "Tests", "Tests\Tests.csproj", "{890ED901-088E-4198-A49C-3714198DD7A2}"
EndProject
Global
	GlobalSection(SolutionConfigurationPlatforms) = preSolution
		Debug|Any CPU = Debug|Any CPU
		Release|Any CPU = Release|Any CPU
	EndGlobalSection
	GlobalSection(ProjectConfigurationPlatforms) = postSolution
		{BAF923BF-14A0-49B5-9FBC-07260FE9C5F4}.Debug|Any CPU.ActiveCfg = Debug|Any CPU
		{BAF923BF-14A0-49B5-9FBC-07260FE9C5F4}.Debug|Any CPU.Build.0 = Debug|Any CPU
		{BAF923BF-14A0-49B5-9FBC-07260FE9C5F4}.Release|Any CPU.ActiveCfg = Release|Any CPU
		{BAF923BF-14A0-49B5-9FBC-07260FE9C5F4}.Release|Any CPU.Build.0 = Release|Any CPU
		{890ED901-088E-4198-A49C-3714198DD7A2}.Debug|Any CPU.ActiveCfg = Debug|Any CPU
		{890ED901-088E-4198-A49C-3714198DD7A2}.Debug|Any CPU.Build.0 = Debug|Any CPU
		{890ED901-088E-4198-A49C-3714198DD7A2}.Release|Any CPU.ActiveCfg = Release|Any CPU
		{890ED901-088E-4198-A49C-3714198DD7A2}.Release|Any CPU.Build.0 = Release|Any CPU
	EndGlobalSection
	GlobalSection(SolutionProperties) = preSolution
		HideSolutionNode = FALSE
	EndGlobalSection
	GlobalSection(ExtensibilityGlobals) = postSolution
		SolutionGuid = {4659C41E-D302-4D19-BF73-BC1F0331F856}
	EndGlobalSection
EndGlobal
